{
  "name": "example",
  "version": "1.0.0",
  "lockfileVersion": 2,
  "requires": true,
  "packages": {
    "": {
      "name": "example",
      "version": "1.0.0",
      "license": "MIT",
      "dependencies": {
        "pdf-creator-node": "file:.."
      }
    },
    "..": {
      "version": "4.0.1",
      "license": "MIT",
      "dependencies": {
        "handlebars": "^4.7.7",
        "puppeteer": "^24.0.0"
      },
      "devDependencies": {
        "@types/node": "^22.13.0",
        "tsx": "^4.19.2",
        "typescript": "^5.7.3"
      },
      "engines": {
        "node": ">=18"
      }
    },
    "node_modules/pdf-creator-node": {
      "resolved": "..",
      "link": true
    }
  },
  "dependencies": {
    "pdf-creator-node": {
      "version": "file:..",
      "requires": {
        "@types/node": "^22.13.0",
        "handlebars": "^4.7.7",
        "puppeteer": "^24.0.0",
        "tsx": "^4.19.2",
        "typescript": "^5.7.3"
      }
    }
  }
}
