{
  "name": "example",
  "version": "1.0.0",
  "lockfileVersion": 2,
  "requires": true,
  "packages": {
    "": {
      "name": "example",
      "version": "1.0.0",
      "license": "ISC",
      "dependencies": {
        "pdf-creator-node": "file:.."
      }
    },
    "..": {
      "version": "2.3.5",
      "license": "ISC",
      "dependencies": {
        "handlebars": "^4.7.7",
        "html-pdf": "^3.0.1"
      },
      "devDependencies": {
        "@types/html-pdf": "^3.0.3",
        "@types/node": "^22.13.0",
        "typescript": "^5.7.3"
      }
    },
    "node_modules/pdf-creator-node": {
      "resolved": "..",
      "link": true
    }
  },
  "dependencies": {
    "pdf-creator-node": {
      "version": "file:..",
      "requires": {
        "@types/html-pdf": "^3.0.3",
        "@types/node": "^22.13.0",
        "handlebars": "^4.7.7",
        "html-pdf": "^3.0.1",
        "typescript": "^5.7.3"
      }
    }
  }
}
